
Microsoft Visual Studio Solution File, Format Version 12.00
# Visual Studio 15
VisualStudioVersion = 15.0.27428.2037
MinimumVisualStudioVersion = 10.0.40219.1
Project("{FAE04EC0-301F-11D3-BF4B-00C04F79EFBC}") = "C Sharp Advanced", "C Sharp Advanced.csproj", "{5813AD04-0010-4692-9E93-43E945842BF8}"
EndProject
Global
	GlobalSection(SolutionConfigurationPlatforms) = preSolution
		Debug|Any CPU = Debug|Any CPU
		Release|Any CPU = Release|Any CPU
	EndGlobalSection
	GlobalSection(ProjectConfigurationPlatforms) = postSolution
		{5813AD04-0010-4692-9E93-43E945842BF8}.Debug|Any CPU.ActiveCfg = Debug|Any CPU
		{5813AD04-0010-4692-9E93-43E945842BF8}.Debug|Any CPU.Build.0 = Debug|Any CPU
		{5813AD04-0010-4692-9E93-43E945842BF8}.Release|Any CPU.ActiveCfg = Release|Any CPU
		{5813AD04-0010-4692-9E93-43E945842BF8}.Release|Any CPU.Build.0 = Release|Any CPU
	EndGlobalSection
	GlobalSection(SolutionProperties) = preSolution
		HideSolutionNode = FALSE
	EndGlobalSection
	GlobalSection(ExtensibilityGlobals) = postSolution
		SolutionGuid = {335C9A4A-CFA4-410A-A14E-BE7A8C24156D}
	EndGlobalSection
EndGlobal
